%{"amqp": {:hex, :amqp, "0.2.2", "eeb9d832c5440585699ae89f48c38f662a2d44f48e694dfe9ba15824b53da1f9", [:mix], [{:amqp_client, "~> 3.6.8", [hex: :amqp_client, repo: "hexpm", optional: false]}, {:rabbit_common, "~> 3.6.8", [hex: :rabbit_common, repo: "hexpm", optional: false]}], "hexpm"},
  "amqp_client": {:hex, :amqp_client, "3.6.10", "f26fbacca4e71f58eba1a57746e5f10598550aa46e89bc67060da6ad1a6d95d5", [:make, :rebar3], [{:rabbit_common, "3.6.10", [hex: :rabbit_common, repo: "hexpm", optional: false]}], "hexpm"},
  "astarte_rpc": {:git, "https://git.ispirata.com/Astarte-NG/astarte_rpc", "4f6996071dd02fdfa93d92bb1618181bced30944", []},
  "certifi": {:hex, :certifi, "1.2.1", "c3904f192bd5284e5b13f20db3ceac9626e14eeacfbb492e19583cf0e37b22be", [:rebar3], [], "hexpm"},
  "cqerl": {:git, "https://github.com/matehat/cqerl.git", "1bb6844e50ca6aa44d1db9c126ba09850ee75bd0", []},
  "cqex": {:hex, :cqex, "0.2.0", "e94f565527b7440f1f894dfdda8b3df0b5bd12a9416d0306076a60dc65f1b4e6", [:mix], [], "hexpm"},
  "distillery": {:hex, :distillery, "1.4.0", "d633cd322c8efa0428082b00b7f902daf8caa166d45f9022bbc19a896d2e1e56", [:mix], [], "hexpm"},
  "excoveralls": {:hex, :excoveralls, "0.7.0", "05cb3332c2b0f799df3ab90eb7df1ae5a147c86776e91792848a12b7ed87242f", [:mix], [{:exjsx, ">= 3.0.0", [hex: :exjsx, repo: "hexpm", optional: false]}, {:hackney, ">= 0.12.0", [hex: :hackney, repo: "hexpm", optional: false]}], "hexpm"},
  "exjsx": {:hex, :exjsx, "4.0.0", "60548841e0212df401e38e63c0078ec57b33e7ea49b032c796ccad8cde794b5c", [:mix], [{:jsx, "~> 2.8.0", [hex: :jsx, repo: "hexpm", optional: false]}], "hexpm"},
  "exprotobuf": {:hex, :exprotobuf, "1.2.7", "287e2a1239fa9924c71815b1961e6e97d55c13496e9feb4ad755706af105ec36", [:mix], [{:gpb, "~> 3.24", [hex: :gpb, repo: "hexpm", optional: false]}], "hexpm"},
  "gpb": {:hex, :gpb, "3.27.0", "bc0e6d2a3eb11dc7c0f37a061e8dc110b8a4c0af49d3e564dff89890c1d11e04", [:make, :rebar], [], "hexpm"},
  "hackney": {:hex, :hackney, "1.8.6", "21a725db3569b3fb11a6af17d5c5f654052ce9624219f1317e8639183de4a423", [:rebar3], [{:certifi, "1.2.1", [hex: :certifi, repo: "hexpm", optional: false]}, {:idna, "5.0.2", [hex: :idna, repo: "hexpm", optional: false]}, {:metrics, "1.0.1", [hex: :metrics, repo: "hexpm", optional: false]}, {:mimerl, "1.0.2", [hex: :mimerl, repo: "hexpm", optional: false]}, {:ssl_verify_fun, "1.1.1", [hex: :ssl_verify_fun, repo: "hexpm", optional: false]}], "hexpm"},
  "idna": {:hex, :idna, "5.0.2", "ac203208ada855d95dc591a764b6e87259cb0e2a364218f215ad662daa8cd6b4", [:rebar3], [{:unicode_util_compat, "0.2.0", [hex: :unicode_util_compat, repo: "hexpm", optional: false]}], "hexpm"},
  "jsx": {:hex, :jsx, "2.8.2", "7acc7d785b5abe8a6e9adbde926a24e481f29956dd8b4df49e3e4e7bcc92a018", [:mix, :rebar3], [], "hexpm"},
  "lz4": {:git, "https://github.com/szktty/erlang-lz4.git", "30878eafeff35939052c2cafe17d21c95029d3a1", [tag: "0.2.2"]},
  "metrics": {:hex, :metrics, "1.0.1", "25f094dea2cda98213cecc3aeff09e940299d950904393b2a29d191c346a8486", [:rebar3], [], "hexpm"},
  "mimerl": {:hex, :mimerl, "1.0.2", "993f9b0e084083405ed8252b99460c4f0563e41729ab42d9074fd5e52439be88", [:rebar3], [], "hexpm"},
  "poison": {:hex, :poison, "3.1.0", "d9eb636610e096f86f25d9a46f35a9facac35609a7591b3be3326e99a0484665", [:mix], [], "hexpm"},
  "pooler": {:git, "https://github.com/seth/pooler.git", "b6c522a67a1d067122705ef725535a8664dd8514", [tag: "1.5.0"]},
  "quickrand": {:git, "https://github.com/okeuday/quickrand.git", "3eadabe05bddbffe9e3d5cf17a9384319d8756a1", [tag: "v1.4.0"]},
  "rabbit_common": {:hex, :rabbit_common, "3.6.10", "2217845381350258c5714c22905ec197af0c4dd38eb3b6a5ddbf55c5bd93f127", [:make, :rebar3], [], "hexpm"},
  "re2": {:git, "https://github.com/tuncer/re2.git", "348a582ef40fad53c2e77d58c252524a251ab23f", [tag: "v1.7.2"]},
  "semver": {:git, "https://github.com/nebularis/semver.git", "c7d509f38298ec6594be4efdcd8a8f2322760039", [ref: "c7d509"]},
  "snappy": {:git, "https://github.com/fdmanana/snappy-erlang-nif.git", "c4cd1bb35f3a3a399737d64bd03b479817b90e75", [ref: "c4cd1bb"]},
  "ssl_verify_fun": {:hex, :ssl_verify_fun, "1.1.1", "28a4d65b7f59893bc2c7de786dec1e1555bd742d336043fe644ae956c3497fbe", [:make, :rebar], [], "hexpm"},
  "unicode_util_compat": {:hex, :unicode_util_compat, "0.2.0", "dbbccf6781821b1c0701845eaf966c9b6d83d7c3bfc65ca2b78b88b8678bfa35", [:rebar3], [], "hexpm"},
  "uuid": {:git, "https://github.com/okeuday/uuid.git", "41e4e0edc4fe6291227b3fe74f7c2362f2525b21", [tag: "v1.4.1"]}}
