%{"amqp": {:hex, :amqp, "1.0.0-pre.1", "65eda2b04dfe9e18cd3e81a0715cf40d7fecf284a1aa93eca5a187cf9bbea10a", [], [{:amqp_client, "~> 3.6.8", [hex: :amqp_client, repo: "hexpm", optional: false]}, {:rabbit_common, "~> 3.6.8", [hex: :rabbit_common, repo: "hexpm", optional: false]}], "hexpm"},
  "amqp_client": {:hex, :amqp_client, "3.6.12", "dfdfe7be661feb96ece404092a47431a73797ad412959732d940f96f80290da0", [], [{:rabbit_common, "3.6.12", [hex: :rabbit_common, repo: "hexpm", optional: false]}], "hexpm"},
  "astarte_rpc": {:git, "https://git.ispirata.com/Astarte-NG/astarte_rpc", "80f15ce1017700657bbbc0efa06d61d5a52eebd3", []},
  "distillery": {:hex, :distillery, "1.5.1", "7ad7354214959c0f65f57ddd49478c81c3b2733ca2e5ccfb9eb55351108466aa", [], [], "hexpm"},
  "exprotobuf": {:hex, :exprotobuf, "1.2.9", "f3cac1b0d0444da3c72cdfe80e394d721275dc80b1d7703ead9dad9267e93822", [], [{:gpb, "~> 3.24", [hex: :gpb, repo: "hexpm", optional: false]}], "hexpm"},
  "gpb": {:hex, :gpb, "3.27.7", "08e5502d5c9964bb66f93f634fc284aa578834ac048a86b6e63803ae85c62b1f", [], [], "hexpm"},
  "rabbit_common": {:hex, :rabbit_common, "3.6.12", "28dfb9ce4decf64caa9d9e70977ab57af983bc2795fd9db349bfc254a8b45235", [], [], "hexpm"}}
