%{
  "artificery": {:hex, :artificery, "0.4.2", "3ded6e29e13113af52811c72f414d1e88f711410cac1b619ab3a2666bbd7efd4", [:mix], [], "hexpm"},
  "astarte_core": {:git, "https://github.com/astarte-platform/astarte_core.git", "f45dd3e03d24c828168c04c7ceff1a9fc5502d88", [branch: "release-0.11"]},
  "astarte_data_access": {:git, "https://github.com/astarte-platform/astarte_data_access.git", "7d3681502b19020ce503fa2a3e8bbcaab4abbbff", [branch: "release-0.11"]},
  "conform": {:hex, :conform, "2.5.2", "7035787a9c09d28607745444e7a1700426dc47c452634a5694033fa2fbb3414c", [:mix], [{:neotoma, "~> 1.7.3", [hex: :neotoma, repo: "hexpm", optional: false]}], "hexpm"},
  "connection": {:hex, :connection, "1.0.4", "a1cae72211f0eef17705aaededacac3eb30e6625b04a6117c1b2db6ace7d5976", [:mix], [], "hexpm"},
  "cqerl": {:git, "https://github.com/matehat/cqerl.git", "6e44b42df1cb0fcf82d8ab4df032c2e7cacb96f9", [ref: "6e44b42df1cb0fcf82d8ab4df032c2e7cacb96f9"]},
  "cqex": {:git, "https://github.com/matehat/cqex.git", "a2c45667108f9b1e8a9c73c5250a04020bf72a30", [ref: "a2c45667108f9b1e8a9c73c5250a04020bf72a30"]},
  "cyanide": {:git, "https://github.com/ispirata/cyanide.git", "ad73635117de361147ab77300689815b32c385e3", []},
  "db_connection": {:hex, :db_connection, "1.1.3", "89b30ca1ef0a3b469b1c779579590688561d586694a3ce8792985d4d7e575a61", [:mix], [{:connection, "~> 1.0.2", [hex: :connection, repo: "hexpm", optional: false]}, {:poolboy, "~> 1.5", [hex: :poolboy, repo: "hexpm", optional: true]}, {:sbroker, "~> 1.0", [hex: :sbroker, repo: "hexpm", optional: true]}], "hexpm"},
  "decimal": {:hex, :decimal, "1.8.1", "a4ef3f5f3428bdbc0d35374029ffcf4ede8533536fa79896dd450168d9acdf3c", [:mix], [], "hexpm"},
  "distillery": {:hex, :distillery, "2.0.14", "25fc1cdad06282334dbf4a11b6e869cc002855c4e11825157498491df2eed594", [:mix], [{:artificery, "~> 0.2", [hex: :artificery, repo: "hexpm", optional: false]}], "hexpm"},
  "ecto": {:hex, :ecto, "3.3.0", "9193e261d25c1814324d0b3304fccbadab840b286d270c3b75dfd28c30a3ae15", [:mix], [{:decimal, "~> 1.6", [hex: :decimal, repo: "hexpm", optional: false]}, {:jason, "~> 1.0", [hex: :jason, repo: "hexpm", optional: true]}], "hexpm"},
  "exprotobuf": {:hex, :exprotobuf, "1.2.9", "f3cac1b0d0444da3c72cdfe80e394d721275dc80b1d7703ead9dad9267e93822", [:mix], [{:gpb, "~> 3.24", [hex: :gpb, repo: "hexpm", optional: false]}], "hexpm"},
  "gpb": {:hex, :gpb, "3.28.1", "6849b2f0004dc4e7644f4f67e7cdd18e893f0ab87eb7ad82b9cb1483ce60eed0", [:make, :rebar], [], "hexpm"},
  "jason": {:hex, :jason, "1.1.2", "b03dedea67a99223a2eaf9f1264ce37154564de899fd3d8b9a21b1a6fd64afe7", [:mix], [{:decimal, "~> 1.0", [hex: :decimal, repo: "hexpm", optional: true]}], "hexpm"},
  "logfmt": {:hex, :logfmt, "3.3.0", "f863e19b9cac952f177f878074ec9304bb132eb9034306e75216dee88ca744d9", [:mix], [], "hexpm"},
  "lz4": {:git, "https://github.com/szktty/erlang-lz4.git", "6bc5efe93bab327788bcde24374f16044b549dd8", [ref: "6bc5efe93bab327788bcde24374f16044b549dd8"]},
  "neotoma": {:hex, :neotoma, "1.7.3", "d8bd5404b73273989946e4f4f6d529e5c2088f5fa1ca790b4dbe81f4be408e61", [:rebar], [], "hexpm"},
  "poolboy": {:hex, :poolboy, "1.5.2", "392b007a1693a64540cead79830443abf5762f5d30cf50bc95cb2c1aaafa006b", [:rebar3], [], "hexpm"},
  "pooler": {:hex, :pooler, "1.5.3", "898cd1fa301fc42d4a8ed598ce139b71ca85b54c16ab161152b5cc5fbdcfa1a8", [:rebar3], [], "hexpm"},
  "quickrand": {:hex, :quickrand, "1.7.5", "e3086a153eb13a057fc19192d05e2d4c6bb2bdbb55746a699beae9847ac17ca8", [:rebar3], [], "hexpm"},
  "re2": {:git, "https://github.com/tuncer/re2.git", "2471e06ed7e548ca1af522e95b16867135afdfdc", [tag: "v1.7.5"]},
  "semver": {:git, "https://github.com/nebularis/semver.git", "c7d509f38298ec6594be4efdcd8a8f2322760039", [ref: "c7d509"]},
  "snappy": {:git, "https://github.com/fdmanana/snappy-erlang-nif.git", "4e3b8611b6a1ff85a417b0f2fad8886c9485810e", [ref: "4e3b861"]},
  "uuid": {:hex, :uuid_erl, "1.7.2", "d596c8dd01a4ae48b9d8d51832ccc8f8302bf67acd01336aec3fcfae6b9d2bc2", [:rebar3], [{:quickrand, "~> 1.7.2", [hex: :quickrand, repo: "hexpm", optional: false]}], "hexpm"},
  "xandra": {:hex, :xandra, "0.10.1", "af5706909e4b73a9014978deace90c00a8162e6d58fcd52b5c9fc0a9125d9e26", [:mix], [{:db_connection, "~> 1.0", [hex: :db_connection, repo: "hexpm", optional: false]}], "hexpm"},
}
