%{
  "artificery": {:hex, :artificery, "0.4.2", "3ded6e29e13113af52811c72f414d1e88f711410cac1b619ab3a2666bbd7efd4", [:mix], [], "hexpm", "514586f4312ef3709a3ccbd8e55f69455add235c1729656687bb781d10d0afdb"},
  "astarte_core": {:git, "https://github.com/astarte-platform/astarte_core.git", "ed1a81504a9a9b7f5d037b2f9377079c9fa230e3", [tag: "v0.11.2"]},
  "astarte_data_access": {:git, "https://github.com/astarte-platform/astarte_data_access.git", "e32c347ee0cf160a0c97874b888d9ac1f7ef7286", [tag: "v0.11.2"]},
  "conform": {:hex, :conform, "2.5.2", "7035787a9c09d28607745444e7a1700426dc47c452634a5694033fa2fbb3414c", [:mix], [{:neotoma, "~> 1.7.3", [hex: :neotoma, repo: "hexpm", optional: false]}], "hexpm", "2056f5067e5bd4cf9d11ac093ada83c44163ad94555cadc3720fa9defaaf3bac"},
  "connection": {:hex, :connection, "1.0.4", "a1cae72211f0eef17705aaededacac3eb30e6625b04a6117c1b2db6ace7d5976", [:mix], [], "hexpm", "4a0850c9be22a43af9920a71ab17c051f5f7d45c209e40269a1938832510e4d9"},
  "cqerl": {:git, "https://github.com/matehat/cqerl.git", "6e44b42df1cb0fcf82d8ab4df032c2e7cacb96f9", [ref: "6e44b42df1cb0fcf82d8ab4df032c2e7cacb96f9"]},
  "cqex": {:git, "https://github.com/matehat/cqex.git", "a2c45667108f9b1e8a9c73c5250a04020bf72a30", [ref: "a2c45667108f9b1e8a9c73c5250a04020bf72a30"]},
  "cyanide": {:hex, :cyanide, "1.0.0", "9c2090e965f4254fea9ab2fa85e52a696e4e57547aec0babfa0a95fe1588ea76", [:mix], [], "hexpm", "74a8960fbde347c76f83dfedade938839b739770015f87dd724bba4a7cacdd96"},
  "db_connection": {:hex, :db_connection, "2.2.1", "caee17725495f5129cb7faebde001dc4406796f12a62b8949f4ac69315080566", [:mix], [{:connection, "~> 1.0.2", [hex: :connection, repo: "hexpm", optional: false]}], "hexpm", "2b02ece62d9f983fcd40954e443b7d9e6589664380e5546b2b9b523cd0fb59e1"},
  "decimal": {:hex, :decimal, "1.8.1", "a4ef3f5f3428bdbc0d35374029ffcf4ede8533536fa79896dd450168d9acdf3c", [:mix], [], "hexpm", "3cb154b00225ac687f6cbd4acc4b7960027c757a5152b369923ead9ddbca7aec"},
  "distillery": {:hex, :distillery, "2.0.14", "25fc1cdad06282334dbf4a11b6e869cc002855c4e11825157498491df2eed594", [:mix], [{:artificery, "~> 0.2", [hex: :artificery, repo: "hexpm", optional: false]}], "hexpm", "1bc4861534891c1e144271a5b566d61128ccdc64c7920fd97fb1be5062142e5f"},
  "ecto": {:hex, :ecto, "3.1.7", "fa21d06ef56cdc2fdaa62574e8c3ba34a2751d44ea34c30bc65f0728421043e5", [:mix], [{:decimal, "~> 1.6", [hex: :decimal, repo: "hexpm", optional: false]}, {:jason, "~> 1.0", [hex: :jason, repo: "hexpm", optional: true]}], "hexpm", "fd0f11a8454e490ae11b6f69aa1ed9e0352641242d014cc3d2f420d7743f6966"},
  "exprotobuf": {:hex, :exprotobuf, "1.2.17", "3003937da617f588a8fb63ebdd7b127a18d78d6502623c272076fd54c07c4de1", [:mix], [{:gpb, "~> 4.0", [hex: :gpb, repo: "hexpm", optional: false]}], "hexpm", "e07ec1e5ae6f8c1c8521450d5f6b658c8c700b1f34c70356e91ece0766f4361a"},
  "gpb": {:hex, :gpb, "4.11.1", "3353b53a3e611369406a903423e2e41158a137de43df672a45a46329c3f1a668", [:make, :rebar], [], "hexpm", "d4b88657bd6fe8f91a1cc7b0abd8ad80787afa200bbcb4ba69b8a0c80fdc7753"},
  "jason": {:hex, :jason, "1.1.2", "b03dedea67a99223a2eaf9f1264ce37154564de899fd3d8b9a21b1a6fd64afe7", [:mix], [{:decimal, "~> 1.0", [hex: :decimal, repo: "hexpm", optional: true]}], "hexpm", "fdf843bca858203ae1de16da2ee206f53416bbda5dc8c9e78f43243de4bc3afe"},
  "logfmt": {:hex, :logfmt, "3.3.1", "d9eaf344f81f4b4a6f2a1c73d79cb9cb4c4ff1d7c878d7a1bf3cb92761f653db", [:mix], [], "hexpm", "5030c9dafe1ef85e416cc867cd8db836de512c54047735c7a3e7be0ba67a532e"},
  "lz4": {:git, "https://github.com/szktty/erlang-lz4.git", "6bc5efe93bab327788bcde24374f16044b549dd8", [ref: "6bc5efe93bab327788bcde24374f16044b549dd8"]},
  "neotoma": {:hex, :neotoma, "1.7.3", "d8bd5404b73273989946e4f4f6d529e5c2088f5fa1ca790b4dbe81f4be408e61", [:rebar], [], "hexpm", "2da322b9b1567ffa0706a7f30f6bbbde70835ae44a1050615f4b4a3d436e0f28"},
  "poolboy": {:hex, :poolboy, "1.5.2", "392b007a1693a64540cead79830443abf5762f5d30cf50bc95cb2c1aaafa006b", [:rebar3], [], "hexpm"},
  "pooler": {:hex, :pooler, "1.5.3", "898cd1fa301fc42d4a8ed598ce139b71ca85b54c16ab161152b5cc5fbdcfa1a8", [:rebar3], [], "hexpm", "058d85c5081289b90e97e4dddbc3bb5a3b4a19a728ab3bc88c689efcc36a07c7"},
  "quickrand": {:hex, :quickrand, "1.7.5", "e3086a153eb13a057fc19192d05e2d4c6bb2bdbb55746a699beae9847ac17ca8", [:rebar3], [], "hexpm", "6a1da81fe098c0dfcfb55c5e35c20be430128e88bbfa03d18fcf9e0ee8e342d7"},
  "re2": {:hex, :re2, "1.9.4", "f6a47b915aac354f5dc9105182eeb740b9ded9e7f56948885b9795479831f9f2", [:rebar3], [], "hexpm", "95ea70b3ff30844ccacf695445052891c3629f516dcd275c7023243717687287"},
  "semver": {:git, "https://github.com/nebularis/semver.git", "c7d509f38298ec6594be4efdcd8a8f2322760039", [ref: "c7d509"]},
  "snappy": {:git, "https://github.com/fdmanana/snappy-erlang-nif.git", "4e3b8611b6a1ff85a417b0f2fad8886c9485810e", [ref: "4e3b861"]},
  "uuid": {:hex, :uuid_erl, "1.7.2", "d596c8dd01a4ae48b9d8d51832ccc8f8302bf67acd01336aec3fcfae6b9d2bc2", [:rebar3], [{:quickrand, "~> 1.7.2", [hex: :quickrand, repo: "hexpm", optional: false]}], "hexpm", "06a8e7a305c59cfa15dd8320ca521e46b81da4760fe239c8cc14b0474866d9e4"},
  "xandra": {:hex, :xandra, "0.13.1", "f82866e6c47527f74f35dd3007b5311121852dd861a29ed1613e27ccfaba0102", [:mix], [{:db_connection, "~> 2.0", [hex: :db_connection, repo: "hexpm", optional: false]}, {:decimal, "~> 1.7", [hex: :decimal, repo: "hexpm", optional: true]}], "hexpm", "a2efdb8921e3b694bf3505e40c5ec9d353d8fa3755cec946be7c18b8236d7230"},
}
