%{"amqp": {:hex, :amqp, "1.0.0-pre.2", "952180aac9b3a1faea96522f589327e8286457b8bd0fd84bf0560e06d02f5a5a", [:mix], [{:amqp_client, "~> 3.6.8", [hex: :amqp_client, repo: "hexpm", optional: false]}, {:rabbit_common, "~> 3.6.8", [hex: :rabbit_common, repo: "hexpm", optional: false]}], "hexpm"},
  "amqp_client": {:hex, :amqp_client, "3.6.12", "dfdfe7be661feb96ece404092a47431a73797ad412959732d940f96f80290da0", [:make, :rebar3], [{:rabbit_common, "3.6.12", [hex: :rabbit_common, repo: "hexpm", optional: false]}], "hexpm"},
  "astarte_core": {:git, "https://git.ispirata.com/Astarte-NG/astarte_core", "4fb35ab8207cba51f3af5eba253b338fa6569c42", []},
  "bson": {:hex, :bson, "0.4.4", "175ad645cc492349a4cefa0bdff612178a0db611adf38dabe2bbfad2aa25627a", [:mix], [], "hexpm"},
  "certifi": {:hex, :certifi, "2.0.0", "a0c0e475107135f76b8c1d5bc7efb33cd3815cb3cf3dea7aefdd174dabead064", [:rebar3], [], "hexpm"},
  "cqerl": {:git, "https://github.com/ispirata/cqerl.git", "ecc0c4e62e8bf49bcf9e1639699289a6561612e3", []},
  "cqex": {:git, "https://github.com/ispirata/cqex.git", "982b92634926fd271e184d25935fb853215f6ca1", []},
  "distillery": {:hex, :distillery, "1.5.2", "eec18b2d37b55b0bcb670cf2bcf64228ed38ce8b046bb30a9b636a6f5a4c0080", [:mix], [], "hexpm"},
  "excoveralls": {:hex, :excoveralls, "0.7.5", "339e433e5d3bce09400dc8de7b9040741a409c93917849916c136a0f51fdc183", [:mix], [{:exjsx, ">= 3.0.0", [hex: :exjsx, repo: "hexpm", optional: false]}, {:hackney, ">= 0.12.0", [hex: :hackney, repo: "hexpm", optional: false]}], "hexpm"},
  "exjsx": {:hex, :exjsx, "4.0.0", "60548841e0212df401e38e63c0078ec57b33e7ea49b032c796ccad8cde794b5c", [:mix], [{:jsx, "~> 2.8.0", [hex: :jsx, repo: "hexpm", optional: false]}], "hexpm"},
  "exprotobuf": {:hex, :exprotobuf, "1.2.9", "f3cac1b0d0444da3c72cdfe80e394d721275dc80b1d7703ead9dad9267e93822", [:mix], [{:gpb, "~> 3.24", [hex: :gpb, repo: "hexpm", optional: false]}], "hexpm"},
  "gpb": {:hex, :gpb, "3.28.1", "6849b2f0004dc4e7644f4f67e7cdd18e893f0ab87eb7ad82b9cb1483ce60eed0", [:make, :rebar], [], "hexpm"},
  "hackney": {:hex, :hackney, "1.10.1", "c38d0ca52ea80254936a32c45bb7eb414e7a96a521b4ce76d00a69753b157f21", [:rebar3], [{:certifi, "2.0.0", [hex: :certifi, repo: "hexpm", optional: false]}, {:idna, "5.1.0", [hex: :idna, repo: "hexpm", optional: false]}, {:metrics, "1.0.1", [hex: :metrics, repo: "hexpm", optional: false]}, {:mimerl, "1.0.2", [hex: :mimerl, repo: "hexpm", optional: false]}, {:ssl_verify_fun, "1.1.1", [hex: :ssl_verify_fun, repo: "hexpm", optional: false]}], "hexpm"},
  "idna": {:hex, :idna, "5.1.0", "d72b4effeb324ad5da3cab1767cb16b17939004e789d8c0ad5b70f3cea20c89a", [:rebar3], [{:unicode_util_compat, "0.3.1", [hex: :unicode_util_compat, repo: "hexpm", optional: false]}], "hexpm"},
  "jsx": {:hex, :jsx, "2.8.3", "a05252d381885240744d955fbe3cf810504eb2567164824e19303ea59eef62cf", [:mix, :rebar3], [], "hexpm"},
  "lz4": {:git, "https://github.com/szktty/erlang-lz4.git", "6bc5efe93bab327788bcde24374f16044b549dd8", [tag: "0.2.4"]},
  "metrics": {:hex, :metrics, "1.0.1", "25f094dea2cda98213cecc3aeff09e940299d950904393b2a29d191c346a8486", [:rebar3], [], "hexpm"},
  "mimerl": {:hex, :mimerl, "1.0.2", "993f9b0e084083405ed8252b99460c4f0563e41729ab42d9074fd5e52439be88", [:rebar3], [], "hexpm"},
  "poison": {:hex, :poison, "3.1.0", "d9eb636610e096f86f25d9a46f35a9facac35609a7591b3be3326e99a0484665", [:mix], [], "hexpm"},
  "pooler": {:hex, :pooler, "1.5.3", "898cd1fa301fc42d4a8ed598ce139b71ca85b54c16ab161152b5cc5fbdcfa1a8", [:rebar3], [], "hexpm"},
  "quickrand": {:hex, :quickrand, "1.7.2", "e856f3c69fec00d1acca8e56cb452b650e838d3a9720811410f439121efafe59", [:rebar3], [], "hexpm"},
  "rabbit_common": {:hex, :rabbit_common, "3.6.12", "28dfb9ce4decf64caa9d9e70977ab57af983bc2795fd9db349bfc254a8b45235", [:make, :rebar3], [], "hexpm"},
  "re2": {:git, "https://github.com/tuncer/re2.git", "2471e06ed7e548ca1af522e95b16867135afdfdc", [tag: "v1.7.5"]},
  "semver": {:git, "https://github.com/nebularis/semver.git", "c7d509f38298ec6594be4efdcd8a8f2322760039", [ref: "c7d509"]},
  "snappy": {:git, "https://github.com/fdmanana/snappy-erlang-nif.git", "4e3b8611b6a1ff85a417b0f2fad8886c9485810e", [ref: "4e3b861"]},
  "ssl_verify_fun": {:hex, :ssl_verify_fun, "1.1.1", "28a4d65b7f59893bc2c7de786dec1e1555bd742d336043fe644ae956c3497fbe", [:make, :rebar], [], "hexpm"},
  "unicode_util_compat": {:hex, :unicode_util_compat, "0.3.1", "a1f612a7b512638634a603c8f401892afbf99b8ce93a45041f8aaca99cadb85e", [:rebar3], [], "hexpm"},
  "uuid": {:hex, :uuid_erl, "1.7.2", "d596c8dd01a4ae48b9d8d51832ccc8f8302bf67acd01336aec3fcfae6b9d2bc2", [:rebar3], [{:quickrand, "~> 1.7.2", [hex: :quickrand, repo: "hexpm", optional: false]}], "hexpm"}}
